// !$*UTF8*$!
{
	archiveVersion = 1;
	classes = {
	};
	objectVersion = 46;
	objects = {

/* Begin PBXBuildFile section */
		DF1B092C1A6A1A740037DA95 /* main.m in Sources */ = {isa = PBXBuildFile; fileRef = DF1B092B1A6A1A740037DA95 /* main.m */; };
		DF1B092F1A6A1A740037DA95 /* AppDelegate.m in Sources */ = {isa = PBXBuildFile; fileRef = DF1B092E1A6A1A740037DA95 /* AppDelegate.m */; };
		DF1B09351A6A1A740037DA95 /* Main.storyboard in Resources */ = {isa = PBXBuildFile; fileRef = DF1B09331A6A1A740037DA95 /* Main.storyboard */; };
		DF1B09371A6A1A740037DA95 /* Images.xcassets in Resources */ = {isa = PBXBuildFile; fileRef = DF1B09361A6A1A740037DA95 /* Images.xcassets */; };
		DF1B093A1A6A1A740037DA95 /* LaunchScreen.xib in Resources */ = {isa = PBXBuildFile; fileRef = DF1B09381A6A1A740037DA95 /* LaunchScreen.xib */; };
		DF1B09461A6A1A740037DA95 /* SchtTests.m in Sources */ = {isa = PBXBuildFile; fileRef = DF1B09451A6A1A740037DA95 /* SchtTests.m */; };
		DF6730E71A6C0FEA008D1C2C /* NotificationCenter.framework in Frameworks */ = {isa = PBXBuildFile; fileRef = DF6730E61A6C0FEA008D1C2C /* NotificationCenter.framework */; };
		DF6730ED1A6C0FEA008D1C2C /* TodayViewController.m in Sources */ = {isa = PBXBuildFile; fileRef = DF6730EC1A6C0FEA008D1C2C /* TodayViewController.m */; };
		DF6730EF1A6C0FEA008D1C2C /* MainInterface.storyboard in Resources */ = {isa = PBXBuildFile; fileRef = DF6730EE1A6C0FEA008D1C2C /* MainInterface.storyboard */; };
		DF6730F21A6C0FEA008D1C2C /* DailySchacts.appex in Embed App Extensions */ = {isa = PBXBuildFile; fileRef = DF6730E41A6C0FEA008D1C2C /* DailySchacts.appex */; settings = {ATTRIBUTES = (RemoveHeadersOnCopy, ); }; };
		DFB02D4E1A6A403D00E7AE1B /* README.md in Sources */ = {isa = PBXBuildFile; fileRef = DFB02D4D1A6A403D00E7AE1B /* README.md */; };
		DFB02D5E1A6A5A4B00E7AE1B /* calendar169.png in Resources */ = {isa = PBXBuildFile; fileRef = DFB02D5A1A6A5A4B00E7AE1B /* calendar169.png */; };
		DFB02D5F1A6A5A4B00E7AE1B /* dollar103 (1).png in Resources */ = {isa = PBXBuildFile; fileRef = DFB02D5B1A6A5A4B00E7AE1B /* dollar103 (1).png */; };
		DFB02D601A6A5A4B00E7AE1B /* poo2.png in Resources */ = {isa = PBXBuildFile; fileRef = DFB02D5C1A6A5A4B00E7AE1B /* poo2.png */; };
		DFB02D611A6A5A4B00E7AE1B /* user60.png in Resources */ = {isa = PBXBuildFile; fileRef = DFB02D5D1A6A5A4B00E7AE1B /* user60.png */; };
		DFB02D631A6A5C2B00E7AE1B /* GoogleMaps.framework in Frameworks */ = {isa = PBXBuildFile; fileRef = DFB02D621A6A5C2B00E7AE1B /* GoogleMaps.framework */; };
		DFB02D651A6A5C5E00E7AE1B /* AVFoundation.framework in Frameworks */ = {isa = PBXBuildFile; fileRef = DFB02D641A6A5C5E00E7AE1B /* AVFoundation.framework */; };
		DFB02D671A6A5C6800E7AE1B /* CoreData.framework in Frameworks */ = {isa = PBXBuildFile; fileRef = DFB02D661A6A5C6800E7AE1B /* CoreData.framework */; };
		DFB02D691A6A5C6E00E7AE1B /* CoreLocation.framework in Frameworks */ = {isa = PBXBuildFile; fileRef = DFB02D681A6A5C6E00E7AE1B /* CoreLocation.framework */; };
		DFB02D6B1A6A5C7300E7AE1B /* CoreText.framework in Frameworks */ = {isa = PBXBuildFile; fileRef = DFB02D6A1A6A5C7300E7AE1B /* CoreText.framework */; };
		DFB02D6D1A6A5C7900E7AE1B /* GLKit.framework in Frameworks */ = {isa = PBXBuildFile; fileRef = DFB02D6C1A6A5C7900E7AE1B /* GLKit.framework */; };
		DFB02D6F1A6A5C7F00E7AE1B /* ImageIO.framework in Frameworks */ = {isa = PBXBuildFile; fileRef = DFB02D6E1A6A5C7F00E7AE1B /* ImageIO.framework */; };
		DFB02D711A6A5C8700E7AE1B /* libc++.dylib in Frameworks */ = {isa = PBXBuildFile; fileRef = DFB02D701A6A5C8700E7AE1B /* libc++.dylib */; };
		DFB02D731A6A5C8F00E7AE1B /* libicucore.dylib in Frameworks */ = {isa = PBXBuildFile; fileRef = DFB02D721A6A5C8F00E7AE1B /* libicucore.dylib */; };
		DFB02D751A6A5C9700E7AE1B /* libz.dylib in Frameworks */ = {isa = PBXBuildFile; fileRef = DFB02D741A6A5C9700E7AE1B /* libz.dylib */; };
		DFB02D771A6A5C9C00E7AE1B /* OpenGLES.framework in Frameworks */ = {isa = PBXBuildFile; fileRef = DFB02D761A6A5C9C00E7AE1B /* OpenGLES.framework */; };
		DFB02D791A6A5CA000E7AE1B /* QuartzCore.framework in Frameworks */ = {isa = PBXBuildFile; fileRef = DFB02D781A6A5CA000E7AE1B /* QuartzCore.framework */; };
		DFB02D7B1A6A5CA600E7AE1B /* SystemConfiguration.framework in Frameworks */ = {isa = PBXBuildFile; fileRef = DFB02D7A1A6A5CA600E7AE1B /* SystemConfiguration.framework */; };
		DFB02D7F1A6A5D4100E7AE1B /* GoogleMaps.bundle in Resources */ = {isa = PBXBuildFile; fileRef = DFB02D7E1A6A5D4100E7AE1B /* GoogleMaps.bundle */; };
		DFB02D821A6A60DA00E7AE1B /* MapViewController.m in Sources */ = {isa = PBXBuildFile; fileRef = DFB02D811A6A60DA00E7AE1B /* MapViewController.m */; };
		DFB02D8B1A6A626A00E7AE1B /* HistoryTableViewController.m in Sources */ = {isa = PBXBuildFile; fileRef = DFB02D8A1A6A626A00E7AE1B /* HistoryTableViewController.m */; };
		DFB02D8D1A6A6A3800E7AE1B /* MapKit.framework in Frameworks */ = {isa = PBXBuildFile; fileRef = DFB02D8C1A6A6A3800E7AE1B /* MapKit.framework */; };
		DFB02D8F1A6A6A7300E7AE1B /* CFNetwork.framework in Frameworks */ = {isa = PBXBuildFile; fileRef = DFB02D8E1A6A6A7300E7AE1B /* CFNetwork.framework */; };
		DFBA8F5C1A6AD83700AB3B25 /* Security.framework in Frameworks */ = {isa = PBXBuildFile; fileRef = DFBA8F5B1A6AD83700AB3B25 /* Security.framework */; };
		DFBA8F5E1A6AD87100AB3B25 /* Firebase.framework in Frameworks */ = {isa = PBXBuildFile; fileRef = DFBA8F5D1A6AD87100AB3B25 /* Firebase.framework */; };
		DFBA8F681A6B0EE100AB3B25 /* DarkTurdIcon.png in Resources */ = {isa = PBXBuildFile; fileRef = DFBA8F661A6B0EE100AB3B25 /* DarkTurdIcon.png */; };
		DFBA8F691A6B0EE100AB3B25 /* MainTurdIcon.png in Resources */ = {isa = PBXBuildFile; fileRef = DFBA8F671A6B0EE100AB3B25 /* MainTurdIcon.png */; };
		DFBA8F6D1A6B2C1900AB3B25 /* FacebookSDK.framework in Frameworks */ = {isa = PBXBuildFile; fileRef = DFBA8F6C1A6B2C1900AB3B25 /* FacebookSDK.framework */; };
		DFBA8F6F1A6B348C00AB3B25 /* FBUserSettingsViewResources.bundle in Resources */ = {isa = PBXBuildFile; fileRef = DFBA8F6E1A6B348C00AB3B25 /* FBUserSettingsViewResources.bundle */; };
		DFBA8F741A6B4B2700AB3B25 /* SplashScreen.png in Resources */ = {isa = PBXBuildFile; fileRef = DFBA8F731A6B4B2700AB3B25 /* SplashScreen.png */; };
		DFBA8F771A6B4E4800AB3B25 /* ShitBarIcon.png in Resources */ = {isa = PBXBuildFile; fileRef = DFBA8F761A6B4E4800AB3B25 /* ShitBarIcon.png */; };
		DFBA8F791A6B4E7E00AB3B25 /* ShitBarIcon 72ppi.png in Resources */ = {isa = PBXBuildFile; fileRef = DFBA8F781A6B4E7E00AB3B25 /* ShitBarIcon 72ppi.png */; };
		DFBA8F7B1A6B503300AB3B25 /* SchtButton.png in Resources */ = {isa = PBXBuildFile; fileRef = DFBA8F7A1A6B503300AB3B25 /* SchtButton.png */; };
		DFBA8F7D1A6B521D00AB3B25 /* FacebookButtonpng.png in Resources */ = {isa = PBXBuildFile; fileRef = DFBA8F7C1A6B521D00AB3B25 /* FacebookButtonpng.png */; };
		DFBA8F7F1A6B535A00AB3B25 /* Reset Buttonpng.png in Resources */ = {isa = PBXBuildFile; fileRef = DFBA8F7E1A6B535A00AB3B25 /* Reset Buttonpng.png */; };
		DFBA8F831A6B543800AB3B25 /* arrow.png in Resources */ = {isa = PBXBuildFile; fileRef = DFBA8F821A6B543800AB3B25 /* arrow.png */; };
		DFBA8F8F1A6B686A00AB3B25 /* AudioToolbox.framework in Frameworks */ = {isa = PBXBuildFile; fileRef = DFBA8F8E1A6B686A00AB3B25 /* AudioToolbox.framework */; };
		DFBA8F911A6B687800AB3B25 /* CoreGraphics.framework in Frameworks */ = {isa = PBXBuildFile; fileRef = DFBA8F901A6B687800AB3B25 /* CoreGraphics.framework */; };
		DFBA8F931A6B688800AB3B25 /* MobileCoreServices.framework in Frameworks */ = {isa = PBXBuildFile; fileRef = DFBA8F921A6B688800AB3B25 /* MobileCoreServices.framework */; };
		DFBA8F951A6B689C00AB3B25 /* StoreKit.framework in Frameworks */ = {isa = PBXBuildFile; fileRef = DFBA8F941A6B689C00AB3B25 /* StoreKit.framework */; };
		DFBA8F971A6B68AD00AB3B25 /* libsqlite3.dylib in Frameworks */ = {isa = PBXBuildFile; fileRef = DFBA8F961A6B68AD00AB3B25 /* libsqlite3.dylib */; };
		DFBA8F9B1A6B6FB800AB3B25 /* CameraIconpng.png in Resources */ = {isa = PBXBuildFile; fileRef = DFBA8F9A1A6B6FB800AB3B25 /* CameraIconpng.png */; };
		DFBA8FA51A6B721300AB3B25 /* Parse.framework in Frameworks */ = {isa = PBXBuildFile; fileRef = DFBA8FA41A6B721300AB3B25 /* Parse.framework */; };
		DFBA8FA91A6B726600AB3B25 /* Social.framework in Frameworks */ = {isa = PBXBuildFile; fileRef = DFBA8FA81A6B726600AB3B25 /* Social.framework */; };
		DFBA8FAB1A6B727A00AB3B25 /* Accounts.framework in Frameworks */ = {isa = PBXBuildFile; fileRef = DFBA8FAA1A6B727A00AB3B25 /* Accounts.framework */; };
		DFBA8FAD1A6B730600AB3B25 /* ParseFacebookUtils.framework in Frameworks */ = {isa = PBXBuildFile; fileRef = DFBA8FAC1A6B730600AB3B25 /* ParseFacebookUtils.framework */; };
		DFBA8FB31A6BA89500AB3B25 /* ShitInfoWindow.m in Sources */ = {isa = PBXBuildFile; fileRef = DFBA8FB21A6BA89400AB3B25 /* ShitInfoWindow.m */; };
		DFBA8FB51A6BAFFB00AB3B25 /* InfoWindowPng.png in Resources */ = {isa = PBXBuildFile; fileRef = DFBA8FB41A6BAFFB00AB3B25 /* InfoWindowPng.png */; };
		DFBA8FB71A6BB03800AB3B25 /* ShitInfoWindow.xib in Resources */ = {isa = PBXBuildFile; fileRef = DFBA8FB61A6BB03700AB3B25 /* ShitInfoWindow.xib */; };
		DFBA8FBA1A6BB55800AB3B25 /* ShitMarker.m in Sources */ = {isa = PBXBuildFile; fileRef = DFBA8FB91A6BB55800AB3B25 /* ShitMarker.m */; };
/* End PBXBuildFile section */

/* Begin PBXContainerItemProxy section */
		DF1B09401A6A1A740037DA95 /* PBXContainerItemProxy */ = {
			isa = PBXContainerItemProxy;
			containerPortal = DF1B091E1A6A1A740037DA95 /* Project object */;
			proxyType = 1;
			remoteGlobalIDString = DF1B09251A6A1A740037DA95;
			remoteInfo = Scht;
		};
		DF6730F01A6C0FEA008D1C2C /* PBXContainerItemProxy */ = {
			isa = PBXContainerItemProxy;
			containerPortal = DF1B091E1A6A1A740037DA95 /* Project object */;
			proxyType = 1;
			remoteGlobalIDString = DF6730E31A6C0FEA008D1C2C;
			remoteInfo = DailySchacts;
		};
/* End PBXContainerItemProxy section */

/* Begin PBXCopyFilesBuildPhase section */
		DF6730F61A6C0FEB008D1C2C /* Embed App Extensions */ = {
			isa = PBXCopyFilesBuildPhase;
			buildActionMask = 2147483647;
			dstPath = "";
			dstSubfolderSpec = 13;
			files = (
				DF6730F21A6C0FEA008D1C2C /* DailySchacts.appex in Embed App Extensions */,
			);
			name = "Embed App Extensions";
			runOnlyForDeploymentPostprocessing = 0;
		};
/* End PBXCopyFilesBuildPhase section */

/* Begin PBXFileReference section */
		DF1B09261A6A1A740037DA95 /* Scht.app */ = {isa = PBXFileReference; explicitFileType = wrapper.application; includeInIndex = 0; path = Scht.app; sourceTree = BUILT_PRODUCTS_DIR; };
		DF1B092A1A6A1A740037DA95 /* Info.plist */ = {isa = PBXFileReference; lastKnownFileType = text.plist.xml; path = Info.plist; sourceTree = "<group>"; };
		DF1B092B1A6A1A740037DA95 /* main.m */ = {isa = PBXFileReference; lastKnownFileType = sourcecode.c.objc; path = main.m; sourceTree = "<group>"; };
		DF1B092D1A6A1A740037DA95 /* AppDelegate.h */ = {isa = PBXFileReference; lastKnownFileType = sourcecode.c.h; path = AppDelegate.h; sourceTree = "<group>"; };
		DF1B092E1A6A1A740037DA95 /* AppDelegate.m */ = {isa = PBXFileReference; lastKnownFileType = sourcecode.c.objc; path = AppDelegate.m; sourceTree = "<group>"; };
		DF1B09341A6A1A740037DA95 /* Base */ = {isa = PBXFileReference; lastKnownFileType = file.storyboard; name = Base; path = Base.lproj/Main.storyboard; sourceTree = "<group>"; };
		DF1B09361A6A1A740037DA95 /* Images.xcassets */ = {isa = PBXFileReference; lastKnownFileType = folder.assetcatalog; path = Images.xcassets; sourceTree = "<group>"; };
		DF1B09391A6A1A740037DA95 /* Base */ = {isa = PBXFileReference; lastKnownFileType = file.xib; name = Base; path = Base.lproj/LaunchScreen.xib; sourceTree = "<group>"; };
		DF1B093F1A6A1A740037DA95 /* SchtTests.xctest */ = {isa = PBXFileReference; explicitFileType = wrapper.cfbundle; includeInIndex = 0; path = SchtTests.xctest; sourceTree = BUILT_PRODUCTS_DIR; };
		DF1B09441A6A1A740037DA95 /* Info.plist */ = {isa = PBXFileReference; lastKnownFileType = text.plist.xml; path = Info.plist; sourceTree = "<group>"; };
		DF1B09451A6A1A740037DA95 /* SchtTests.m */ = {isa = PBXFileReference; lastKnownFileType = sourcecode.c.objc; path = SchtTests.m; sourceTree = "<group>"; };
		DF6730E41A6C0FEA008D1C2C /* DailySchacts.appex */ = {isa = PBXFileReference; explicitFileType = "wrapper.app-extension"; includeInIndex = 0; path = DailySchacts.appex; sourceTree = BUILT_PRODUCTS_DIR; };
		DF6730E61A6C0FEA008D1C2C /* NotificationCenter.framework */ = {isa = PBXFileReference; lastKnownFileType = wrapper.framework; name = NotificationCenter.framework; path = System/Library/Frameworks/NotificationCenter.framework; sourceTree = SDKROOT; };
		DF6730EA1A6C0FEA008D1C2C /* Info.plist */ = {isa = PBXFileReference; lastKnownFileType = text.plist.xml; path = Info.plist; sourceTree = "<group>"; };
		DF6730EB1A6C0FEA008D1C2C /* TodayViewController.h */ = {isa = PBXFileReference; lastKnownFileType = sourcecode.c.h; path = TodayViewController.h; sourceTree = "<group>"; };
		DF6730EC1A6C0FEA008D1C2C /* TodayViewController.m */ = {isa = PBXFileReference; lastKnownFileType = sourcecode.c.objc; path = TodayViewController.m; sourceTree = "<group>"; };
		DF6730EE1A6C0FEA008D1C2C /* MainInterface.storyboard */ = {isa = PBXFileReference; lastKnownFileType = file.storyboard; path = MainInterface.storyboard; sourceTree = "<group>"; };
		DFB02D4D1A6A403D00E7AE1B /* README.md */ = {isa = PBXFileReference; fileEncoding = 4; lastKnownFileType = net.daringfireball.markdown; name = README.md; path = ../README.md; sourceTree = "<group>"; };
		DFB02D5A1A6A5A4B00E7AE1B /* calendar169.png */ = {isa = PBXFileReference; lastKnownFileType = image.png; path = calendar169.png; sourceTree = "<group>"; };
		DFB02D5B1A6A5A4B00E7AE1B /* dollar103 (1).png */ = {isa = PBXFileReference; lastKnownFileType = image.png; path = "dollar103 (1).png"; sourceTree = "<group>"; };
		DFB02D5C1A6A5A4B00E7AE1B /* poo2.png */ = {isa = PBXFileReference; lastKnownFileType = image.png; path = poo2.png; sourceTree = "<group>"; };
		DFB02D5D1A6A5A4B00E7AE1B /* user60.png */ = {isa = PBXFileReference; lastKnownFileType = image.png; path = user60.png; sourceTree = "<group>"; };
		DFB02D621A6A5C2B00E7AE1B /* GoogleMaps.framework */ = {isa = PBXFileReference; lastKnownFileType = wrapper.framework; path = GoogleMaps.framework; sourceTree = "<group>"; };
		DFB02D641A6A5C5E00E7AE1B /* AVFoundation.framework */ = {isa = PBXFileReference; lastKnownFileType = wrapper.framework; name = AVFoundation.framework; path = System/Library/Frameworks/AVFoundation.framework; sourceTree = SDKROOT; };
		DFB02D661A6A5C6800E7AE1B /* CoreData.framework */ = {isa = PBXFileReference; lastKnownFileType = wrapper.framework; name = CoreData.framework; path = System/Library/Frameworks/CoreData.framework; sourceTree = SDKROOT; };
		DFB02D681A6A5C6E00E7AE1B /* CoreLocation.framework */ = {isa = PBXFileReference; lastKnownFileType = wrapper.framework; name = CoreLocation.framework; path = System/Library/Frameworks/CoreLocation.framework; sourceTree = SDKROOT; };
		DFB02D6A1A6A5C7300E7AE1B /* CoreText.framework */ = {isa = PBXFileReference; lastKnownFileType = wrapper.framework; name = CoreText.framework; path = System/Library/Frameworks/CoreText.framework; sourceTree = SDKROOT; };
		DFB02D6C1A6A5C7900E7AE1B /* GLKit.framework */ = {isa = PBXFileReference; lastKnownFileType = wrapper.framework; name = GLKit.framework; path = System/Library/Frameworks/GLKit.framework; sourceTree = SDKROOT; };
		DFB02D6E1A6A5C7F00E7AE1B /* ImageIO.framework */ = {isa = PBXFileReference; lastKnownFileType = wrapper.framework; name = ImageIO.framework; path = System/Library/Frameworks/ImageIO.framework; sourceTree = SDKROOT; };
		DFB02D701A6A5C8700E7AE1B /* libc++.dylib */ = {isa = PBXFileReference; lastKnownFileType = "compiled.mach-o.dylib"; name = "libc++.dylib"; path = "usr/lib/libc++.dylib"; sourceTree = SDKROOT; };
		DFB02D721A6A5C8F00E7AE1B /* libicucore.dylib */ = {isa = PBXFileReference; lastKnownFileType = "compiled.mach-o.dylib"; name = libicucore.dylib; path = usr/lib/libicucore.dylib; sourceTree = SDKROOT; };
		DFB02D741A6A5C9700E7AE1B /* libz.dylib */ = {isa = PBXFileReference; lastKnownFileType = "compiled.mach-o.dylib"; name = libz.dylib; path = usr/lib/libz.dylib; sourceTree = SDKROOT; };
		DFB02D761A6A5C9C00E7AE1B /* OpenGLES.framework */ = {isa = PBXFileReference; lastKnownFileType = wrapper.framework; name = OpenGLES.framework; path = System/Library/Frameworks/OpenGLES.framework; sourceTree = SDKROOT; };
		DFB02D781A6A5CA000E7AE1B /* QuartzCore.framework */ = {isa = PBXFileReference; lastKnownFileType = wrapper.framework; name = QuartzCore.framework; path = System/Library/Frameworks/QuartzCore.framework; sourceTree = SDKROOT; };
		DFB02D7A1A6A5CA600E7AE1B /* SystemConfiguration.framework */ = {isa = PBXFileReference; lastKnownFileType = wrapper.framework; name = SystemConfiguration.framework; path = System/Library/Frameworks/SystemConfiguration.framework; sourceTree = SDKROOT; };
		DFB02D7E1A6A5D4100E7AE1B /* GoogleMaps.bundle */ = {isa = PBXFileReference; lastKnownFileType = "wrapper.plug-in"; name = GoogleMaps.bundle; path = GoogleMaps.framework/Versions/A/Resources/GoogleMaps.bundle; sourceTree = "<group>"; };
		DFB02D801A6A60DA00E7AE1B /* MapViewController.h */ = {isa = PBXFileReference; fileEncoding = 4; lastKnownFileType = sourcecode.c.h; name = MapViewController.h; path = ../MapViewController.h; sourceTree = "<group>"; };
		DFB02D811A6A60DA00E7AE1B /* MapViewController.m */ = {isa = PBXFileReference; fileEncoding = 4; lastKnownFileType = sourcecode.c.objc; name = MapViewController.m; path = ../MapViewController.m; sourceTree = "<group>"; };
		DFB02D891A6A626A00E7AE1B /* HistoryTableViewController.h */ = {isa = PBXFileReference; fileEncoding = 4; lastKnownFileType = sourcecode.c.h; name = HistoryTableViewController.h; path = ../HistoryTableViewController.h; sourceTree = "<group>"; };
		DFB02D8A1A6A626A00E7AE1B /* HistoryTableViewController.m */ = {isa = PBXFileReference; fileEncoding = 4; lastKnownFileType = sourcecode.c.objc; name = HistoryTableViewController.m; path = ../HistoryTableViewController.m; sourceTree = "<group>"; };
		DFB02D8C1A6A6A3800E7AE1B /* MapKit.framework */ = {isa = PBXFileReference; lastKnownFileType = wrapper.framework; name = MapKit.framework; path = System/Library/Frameworks/MapKit.framework; sourceTree = SDKROOT; };
		DFB02D8E1A6A6A7300E7AE1B /* CFNetwork.framework */ = {isa = PBXFileReference; lastKnownFileType = wrapper.framework; name = CFNetwork.framework; path = System/Library/Frameworks/CFNetwork.framework; sourceTree = SDKROOT; };
		DFBA8F5B1A6AD83700AB3B25 /* Security.framework */ = {isa = PBXFileReference; lastKnownFileType = wrapper.framework; name = Security.framework; path = System/Library/Frameworks/Security.framework; sourceTree = SDKROOT; };
		DFBA8F5D1A6AD87100AB3B25 /* Firebase.framework */ = {isa = PBXFileReference; lastKnownFileType = wrapper.framework; path = Firebase.framework; sourceTree = "<group>"; };
		DFBA8F661A6B0EE100AB3B25 /* DarkTurdIcon.png */ = {isa = PBXFileReference; lastKnownFileType = image.png; path = DarkTurdIcon.png; sourceTree = "<group>"; };
		DFBA8F671A6B0EE100AB3B25 /* MainTurdIcon.png */ = {isa = PBXFileReference; lastKnownFileType = image.png; path = MainTurdIcon.png; sourceTree = "<group>"; };
		DFBA8F6C1A6B2C1900AB3B25 /* FacebookSDK.framework */ = {isa = PBXFileReference; lastKnownFileType = wrapper.framework; name = FacebookSDK.framework; path = ../../../Documents/FacebookSDK/FacebookSDK.framework; sourceTree = "<group>"; };
		DFBA8F6E1A6B348C00AB3B25 /* FBUserSettingsViewResources.bundle */ = {isa = PBXFileReference; lastKnownFileType = "wrapper.plug-in"; name = FBUserSettingsViewResources.bundle; path = ../../../Documents/FacebookSDK/FacebookSDK.framework/Versions/A/Resources/FBUserSettingsViewResources.bundle; sourceTree = "<group>"; };
		DFBA8F731A6B4B2700AB3B25 /* SplashScreen.png */ = {isa = PBXFileReference; lastKnownFileType = image.png; path = SplashScreen.png; sourceTree = "<group>"; };
		DFBA8F761A6B4E4800AB3B25 /* ShitBarIcon.png */ = {isa = PBXFileReference; lastKnownFileType = image.png; path = ShitBarIcon.png; sourceTree = "<group>"; };
		DFBA8F781A6B4E7E00AB3B25 /* ShitBarIcon 72ppi.png */ = {isa = PBXFileReference; lastKnownFileType = image.png; path = "ShitBarIcon 72ppi.png"; sourceTree = "<group>"; };
		DFBA8F7A1A6B503300AB3B25 /* SchtButton.png */ = {isa = PBXFileReference; lastKnownFileType = image.png; path = SchtButton.png; sourceTree = "<group>"; };
		DFBA8F7C1A6B521D00AB3B25 /* FacebookButtonpng.png */ = {isa = PBXFileReference; lastKnownFileType = image.png; path = FacebookButtonpng.png; sourceTree = "<group>"; };
		DFBA8F7E1A6B535A00AB3B25 /* Reset Buttonpng.png */ = {isa = PBXFileReference; lastKnownFileType = image.png; path = "Reset Buttonpng.png"; sourceTree = "<group>"; };
		DFBA8F821A6B543800AB3B25 /* arrow.png */ = {isa = PBXFileReference; lastKnownFileType = image.png; path = arrow.png; sourceTree = "<group>"; };
		DFBA8F8E1A6B686A00AB3B25 /* AudioToolbox.framework */ = {isa = PBXFileReference; lastKnownFileType = wrapper.framework; name = AudioToolbox.framework; path = System/Library/Frameworks/AudioToolbox.framework; sourceTree = SDKROOT; };
		DFBA8F901A6B687800AB3B25 /* CoreGraphics.framework */ = {isa = PBXFileReference; lastKnownFileType = wrapper.framework; name = CoreGraphics.framework; path = System/Library/Frameworks/CoreGraphics.framework; sourceTree = SDKROOT; };
		DFBA8F921A6B688800AB3B25 /* MobileCoreServices.framework */ = {isa = PBXFileReference; lastKnownFileType = wrapper.framework; name = MobileCoreServices.framework; path = System/Library/Frameworks/MobileCoreServices.framework; sourceTree = SDKROOT; };
		DFBA8F941A6B689C00AB3B25 /* StoreKit.framework */ = {isa = PBXFileReference; lastKnownFileType = wrapper.framework; name = StoreKit.framework; path = System/Library/Frameworks/StoreKit.framework; sourceTree = SDKROOT; };
		DFBA8F961A6B68AD00AB3B25 /* libsqlite3.dylib */ = {isa = PBXFileReference; lastKnownFileType = "compiled.mach-o.dylib"; name = libsqlite3.dylib; path = usr/lib/libsqlite3.dylib; sourceTree = SDKROOT; };
		DFBA8F9A1A6B6FB800AB3B25 /* CameraIconpng.png */ = {isa = PBXFileReference; lastKnownFileType = image.png; path = CameraIconpng.png; sourceTree = "<group>"; };
		DFBA8FA41A6B721300AB3B25 /* Parse.framework */ = {isa = PBXFileReference; lastKnownFileType = wrapper.framework; path = Parse.framework; sourceTree = "<group>"; };
		DFBA8FA81A6B726600AB3B25 /* Social.framework */ = {isa = PBXFileReference; lastKnownFileType = wrapper.framework; name = Social.framework; path = System/Library/Frameworks/Social.framework; sourceTree = SDKROOT; };
		DFBA8FAA1A6B727A00AB3B25 /* Accounts.framework */ = {isa = PBXFileReference; lastKnownFileType = wrapper.framework; name = Accounts.framework; path = System/Library/Frameworks/Accounts.framework; sourceTree = SDKROOT; };
		DFBA8FAC1A6B730600AB3B25 /* ParseFacebookUtils.framework */ = {isa = PBXFileReference; lastKnownFileType = wrapper.framework; path = ParseFacebookUtils.framework; sourceTree = "<group>"; };
		DFBA8FB11A6BA89400AB3B25 /* ShitInfoWindow.h */ = {isa = PBXFileReference; fileEncoding = 4; lastKnownFileType = sourcecode.c.h; path = ShitInfoWindow.h; sourceTree = "<group>"; };
		DFBA8FB21A6BA89400AB3B25 /* ShitInfoWindow.m */ = {isa = PBXFileReference; fileEncoding = 4; lastKnownFileType = sourcecode.c.objc; path = ShitInfoWindow.m; sourceTree = "<group>"; };
		DFBA8FB41A6BAFFB00AB3B25 /* InfoWindowPng.png */ = {isa = PBXFileReference; lastKnownFileType = image.png; path = InfoWindowPng.png; sourceTree = "<group>"; };
		DFBA8FB61A6BB03700AB3B25 /* ShitInfoWindow.xib */ = {isa = PBXFileReference; fileEncoding = 4; lastKnownFileType = file.xib; path = ShitInfoWindow.xib; sourceTree = "<group>"; };
		DFBA8FB81A6BB55800AB3B25 /* ShitMarker.h */ = {isa = PBXFileReference; fileEncoding = 4; lastKnownFileType = sourcecode.c.h; path = ShitMarker.h; sourceTree = "<group>"; };
		DFBA8FB91A6BB55800AB3B25 /* ShitMarker.m */ = {isa = PBXFileReference; fileEncoding = 4; lastKnownFileType = sourcecode.c.objc; path = ShitMarker.m; sourceTree = "<group>"; };
/* End PBXFileReference section */

/* Begin PBXFrameworksBuildPhase section */
		DF1B09231A6A1A740037DA95 /* Frameworks */ = {
			isa = PBXFrameworksBuildPhase;
			buildActionMask = 2147483647;
			files = (
				DFBA8FAB1A6B727A00AB3B25 /* Accounts.framework in Frameworks */,
				DFBA8FA91A6B726600AB3B25 /* Social.framework in Frameworks */,
				DFBA8F971A6B68AD00AB3B25 /* libsqlite3.dylib in Frameworks */,
				DFB02D751A6A5C9700E7AE1B /* libz.dylib in Frameworks */,
				DFB02D7B1A6A5CA600E7AE1B /* SystemConfiguration.framework in Frameworks */,
				DFBA8F951A6B689C00AB3B25 /* StoreKit.framework in Frameworks */,
				DFBA8F5C1A6AD83700AB3B25 /* Security.framework in Frameworks */,
				DFB02D791A6A5CA000E7AE1B /* QuartzCore.framework in Frameworks */,
				DFBA8F931A6B688800AB3B25 /* MobileCoreServices.framework in Frameworks */,
				DFB02D691A6A5C6E00E7AE1B /* CoreLocation.framework in Frameworks */,
				DFBA8F911A6B687800AB3B25 /* CoreGraphics.framework in Frameworks */,
				DFB02D8F1A6A6A7300E7AE1B /* CFNetwork.framework in Frameworks */,
				DFBA8F8F1A6B686A00AB3B25 /* AudioToolbox.framework in Frameworks */,
				DFBA8FAD1A6B730600AB3B25 /* ParseFacebookUtils.framework in Frameworks */,
				DFB02D8D1A6A6A3800E7AE1B /* MapKit.framework in Frameworks */,
				DFBA8F6D1A6B2C1900AB3B25 /* FacebookSDK.framework in Frameworks */,
				DFB02D771A6A5C9C00E7AE1B /* OpenGLES.framework in Frameworks */,
				DFB02D731A6A5C8F00E7AE1B /* libicucore.dylib in Frameworks */,
				DFB02D711A6A5C8700E7AE1B /* libc++.dylib in Frameworks */,
				DFB02D6F1A6A5C7F00E7AE1B /* ImageIO.framework in Frameworks */,
				DFB02D6D1A6A5C7900E7AE1B /* GLKit.framework in Frameworks */,
				DFB02D6B1A6A5C7300E7AE1B /* CoreText.framework in Frameworks */,
				DFBA8F5E1A6AD87100AB3B25 /* Firebase.framework in Frameworks */,
				DFB02D671A6A5C6800E7AE1B /* CoreData.framework in Frameworks */,
				DFB02D651A6A5C5E00E7AE1B /* AVFoundation.framework in Frameworks */,
				DFBA8FA51A6B721300AB3B25 /* Parse.framework in Frameworks */,
				DFB02D631A6A5C2B00E7AE1B /* GoogleMaps.framework in Frameworks */,
			);
			runOnlyForDeploymentPostprocessing = 0;
		};
		DF1B093C1A6A1A740037DA95 /* Frameworks */ = {
			isa = PBXFrameworksBuildPhase;
			buildActionMask = 2147483647;
			files = (
			);
			runOnlyForDeploymentPostprocessing = 0;
		};
		DF6730E11A6C0FEA008D1C2C /* Frameworks */ = {
			isa = PBXFrameworksBuildPhase;
			buildActionMask = 2147483647;
			files = (
				DF6730E71A6C0FEA008D1C2C /* NotificationCenter.framework in Frameworks */,
			);
			runOnlyForDeploymentPostprocessing = 0;
		};
/* End PBXFrameworksBuildPhase section */

/* Begin PBXGroup section */
		DF1B091D1A6A1A740037DA95 = {
			isa = PBXGroup;
			children = (
				DFBA8FAC1A6B730600AB3B25 /* ParseFacebookUtils.framework */,
				DFBA8FAA1A6B727A00AB3B25 /* Accounts.framework */,
				DFBA8FA81A6B726600AB3B25 /* Social.framework */,
				DFBA8F961A6B68AD00AB3B25 /* libsqlite3.dylib */,
				DFBA8FA41A6B721300AB3B25 /* Parse.framework */,
				DFBA8F941A6B689C00AB3B25 /* StoreKit.framework */,
				DFBA8F921A6B688800AB3B25 /* MobileCoreServices.framework */,
				DFBA8F901A6B687800AB3B25 /* CoreGraphics.framework */,
				DFBA8F8E1A6B686A00AB3B25 /* AudioToolbox.framework */,
				DFBA8F6E1A6B348C00AB3B25 /* FBUserSettingsViewResources.bundle */,
				DFBA8F6C1A6B2C1900AB3B25 /* FacebookSDK.framework */,
				DFBA8F5D1A6AD87100AB3B25 /* Firebase.framework */,
				DFBA8F5B1A6AD83700AB3B25 /* Security.framework */,
				DFB02D8E1A6A6A7300E7AE1B /* CFNetwork.framework */,
				DFB02D8C1A6A6A3800E7AE1B /* MapKit.framework */,
				DFB02D7E1A6A5D4100E7AE1B /* GoogleMaps.bundle */,
				DFB02D7A1A6A5CA600E7AE1B /* SystemConfiguration.framework */,
				DFB02D781A6A5CA000E7AE1B /* QuartzCore.framework */,
				DFB02D761A6A5C9C00E7AE1B /* OpenGLES.framework */,
				DFB02D741A6A5C9700E7AE1B /* libz.dylib */,
				DFB02D721A6A5C8F00E7AE1B /* libicucore.dylib */,
				DFB02D701A6A5C8700E7AE1B /* libc++.dylib */,
				DFB02D6E1A6A5C7F00E7AE1B /* ImageIO.framework */,
				DFB02D6C1A6A5C7900E7AE1B /* GLKit.framework */,
				DFB02D6A1A6A5C7300E7AE1B /* CoreText.framework */,
				DFB02D681A6A5C6E00E7AE1B /* CoreLocation.framework */,
				DFB02D661A6A5C6800E7AE1B /* CoreData.framework */,
				DFB02D641A6A5C5E00E7AE1B /* AVFoundation.framework */,
				DFB02D621A6A5C2B00E7AE1B /* GoogleMaps.framework */,
				DFB02D4D1A6A403D00E7AE1B /* README.md */,
				DF1B09281A6A1A740037DA95 /* Scht */,
				DF1B09421A6A1A740037DA95 /* SchtTests */,
				DF6730E81A6C0FEA008D1C2C /* DailySchacts */,
				DF6730E51A6C0FEA008D1C2C /* Frameworks */,
				DF1B09271A6A1A740037DA95 /* Products */,
			);
			sourceTree = "<group>";
		};
		DF1B09271A6A1A740037DA95 /* Products */ = {
			isa = PBXGroup;
			children = (
				DF1B09261A6A1A740037DA95 /* Scht.app */,
				DF1B093F1A6A1A740037DA95 /* SchtTests.xctest */,
				DF6730E41A6C0FEA008D1C2C /* DailySchacts.appex */,
			);
			name = Products;
			sourceTree = "<group>";
		};
		DF1B09281A6A1A740037DA95 /* Scht */ = {
			isa = PBXGroup;
			children = (
				DF1B092D1A6A1A740037DA95 /* AppDelegate.h */,
				DF1B092E1A6A1A740037DA95 /* AppDelegate.m */,
				DFB02D801A6A60DA00E7AE1B /* MapViewController.h */,
				DFB02D811A6A60DA00E7AE1B /* MapViewController.m */,
				DFBA8FB11A6BA89400AB3B25 /* ShitInfoWindow.h */,
				DFBA8FB21A6BA89400AB3B25 /* ShitInfoWindow.m */,
				DFBA8FB81A6BB55800AB3B25 /* ShitMarker.h */,
				DFBA8FB91A6BB55800AB3B25 /* ShitMarker.m */,
				DFB02D891A6A626A00E7AE1B /* HistoryTableViewController.h */,
				DFB02D8A1A6A626A00E7AE1B /* HistoryTableViewController.m */,
				DF1B09331A6A1A740037DA95 /* Main.storyboard */,
				DF1B09361A6A1A740037DA95 /* Images.xcassets */,
				DFBA8FB61A6BB03700AB3B25 /* ShitInfoWindow.xib */,
				DF1B09381A6A1A740037DA95 /* LaunchScreen.xib */,
				DFB02D591A6A517E00E7AE1B /* Icons */,
				DF1B09291A6A1A740037DA95 /* Supporting Files */,
			);
			path = Scht;
			sourceTree = "<group>";
		};
		DF1B09291A6A1A740037DA95 /* Supporting Files */ = {
			isa = PBXGroup;
			children = (
				DF1B092A1A6A1A740037DA95 /* Info.plist */,
				DF1B092B1A6A1A740037DA95 /* main.m */,
			);
			name = "Supporting Files";
			sourceTree = "<group>";
		};
		DF1B09421A6A1A740037DA95 /* SchtTests */ = {
			isa = PBXGroup;
			children = (
				DF1B09451A6A1A740037DA95 /* SchtTests.m */,
				DF1B09431A6A1A740037DA95 /* Supporting Files */,
			);
			path = SchtTests;
			sourceTree = "<group>";
		};
		DF1B09431A6A1A740037DA95 /* Supporting Files */ = {
			isa = PBXGroup;
			children = (
				DF1B09441A6A1A740037DA95 /* Info.plist */,
			);
			name = "Supporting Files";
			sourceTree = "<group>";
		};
		DF6730E51A6C0FEA008D1C2C /* Frameworks */ = {
			isa = PBXGroup;
			children = (
				DF6730E61A6C0FEA008D1C2C /* NotificationCenter.framework */,
			);
			name = Frameworks;
			sourceTree = "<group>";
		};
		DF6730E81A6C0FEA008D1C2C /* DailySchacts */ = {
			isa = PBXGroup;
			children = (
				DF6730EB1A6C0FEA008D1C2C /* TodayViewController.h */,
				DF6730EC1A6C0FEA008D1C2C /* TodayViewController.m */,
				DF6730EE1A6C0FEA008D1C2C /* MainInterface.storyboard */,
				DF6730E91A6C0FEA008D1C2C /* Supporting Files */,
			);
			path = DailySchacts;
			sourceTree = "<group>";
		};
		DF6730E91A6C0FEA008D1C2C /* Supporting Files */ = {
			isa = PBXGroup;
			children = (
				DF6730EA1A6C0FEA008D1C2C /* Info.plist */,
			);
			name = "Supporting Files";
			sourceTree = "<group>";
		};
		DFB02D591A6A517E00E7AE1B /* Icons */ = {
			isa = PBXGroup;
			children = (
				DFB02D5A1A6A5A4B00E7AE1B /* calendar169.png */,
				DFBA8F661A6B0EE100AB3B25 /* DarkTurdIcon.png */,
				DFBA8FB41A6BAFFB00AB3B25 /* InfoWindowPng.png */,
				DFBA8F9A1A6B6FB800AB3B25 /* CameraIconpng.png */,
				DFBA8F671A6B0EE100AB3B25 /* MainTurdIcon.png */,
				DFBA8F7C1A6B521D00AB3B25 /* FacebookButtonpng.png */,
				DFBA8F7E1A6B535A00AB3B25 /* Reset Buttonpng.png */,
				DFBA8F7A1A6B503300AB3B25 /* SchtButton.png */,
				DFBA8F781A6B4E7E00AB3B25 /* ShitBarIcon 72ppi.png */,
				DFBA8F821A6B543800AB3B25 /* arrow.png */,
				DFBA8F761A6B4E4800AB3B25 /* ShitBarIcon.png */,
				DFBA8F731A6B4B2700AB3B25 /* SplashScreen.png */,
				DFB02D5B1A6A5A4B00E7AE1B /* dollar103 (1).png */,
				DFB02D5C1A6A5A4B00E7AE1B /* poo2.png */,
				DFB02D5D1A6A5A4B00E7AE1B /* user60.png */,
			);
			name = Icons;
			sourceTree = "<group>";
		};
/* End PBXGroup section */

/* Begin PBXNativeTarget section */
		DF1B09251A6A1A740037DA95 /* Scht */ = {
			isa = PBXNativeTarget;
			buildConfigurationList = DF1B09491A6A1A740037DA95 /* Build configuration list for PBXNativeTarget "Scht" */;
			buildPhases = (
				DF1B09221A6A1A740037DA95 /* Sources */,
				DF1B09231A6A1A740037DA95 /* Frameworks */,
				DF1B09241A6A1A740037DA95 /* Resources */,
				DF6730F61A6C0FEB008D1C2C /* Embed App Extensions */,
			);
			buildRules = (
			);
			dependencies = (
				DF6730F11A6C0FEA008D1C2C /* PBXTargetDependency */,
			);
			name = Scht;
			productName = Scht;
			productReference = DF1B09261A6A1A740037DA95 /* Scht.app */;
			productType = "com.apple.product-type.application";
		};
		DF1B093E1A6A1A740037DA95 /* SchtTests */ = {
			isa = PBXNativeTarget;
			buildConfigurationList = DF1B094C1A6A1A740037DA95 /* Build configuration list for PBXNativeTarget "SchtTests" */;
			buildPhases = (
				DF1B093B1A6A1A740037DA95 /* Sources */,
				DF1B093C1A6A1A740037DA95 /* Frameworks */,
				DF1B093D1A6A1A740037DA95 /* Resources */,
			);
			buildRules = (
			);
			dependencies = (
				DF1B09411A6A1A740037DA95 /* PBXTargetDependency */,
			);
			name = SchtTests;
			productName = SchtTests;
			productReference = DF1B093F1A6A1A740037DA95 /* SchtTests.xctest */;
			productType = "com.apple.product-type.bundle.unit-test";
		};
		DF6730E31A6C0FEA008D1C2C /* DailySchacts */ = {
			isa = PBXNativeTarget;
			buildConfigurationList = DF6730F51A6C0FEB008D1C2C /* Build configuration list for PBXNativeTarget "DailySchacts" */;
			buildPhases = (
				DF6730E01A6C0FEA008D1C2C /* Sources */,
				DF6730E11A6C0FEA008D1C2C /* Frameworks */,
				DF6730E21A6C0FEA008D1C2C /* Resources */,
			);
			buildRules = (
			);
			dependencies = (
			);
			name = DailySchacts;
			productName = DailySchacts;
			productReference = DF6730E41A6C0FEA008D1C2C /* DailySchacts.appex */;
			productType = "com.apple.product-type.app-extension";
		};
/* End PBXNativeTarget section */

/* Begin PBXProject section */
		DF1B091E1A6A1A740037DA95 /* Project object */ = {
			isa = PBXProject;
			attributes = {
				LastUpgradeCheck = 0600;
				ORGANIZATIONNAME = Scht;
				TargetAttributes = {
					DF1B09251A6A1A740037DA95 = {
						CreatedOnToolsVersion = 6.0.1;
						DevelopmentTeam = ALVVSFF263;
					};
					DF1B093E1A6A1A740037DA95 = {
						CreatedOnToolsVersion = 6.0.1;
						TestTargetID = DF1B09251A6A1A740037DA95;
					};
					DF6730E31A6C0FEA008D1C2C = {
						CreatedOnToolsVersion = 6.1.1;
						DevelopmentTeam = ALVVSFF263;
					};
				};
			};
			buildConfigurationList = DF1B09211A6A1A740037DA95 /* Build configuration list for PBXProject "Scht" */;
			compatibilityVersion = "Xcode 3.2";
			developmentRegion = English;
			hasScannedForEncodings = 0;
			knownRegions = (
				en,
				Base,
			);
			mainGroup = DF1B091D1A6A1A740037DA95;
			productRefGroup = DF1B09271A6A1A740037DA95 /* Products */;
			projectDirPath = "";
			projectRoot = "";
			targets = (
				DF1B09251A6A1A740037DA95 /* Scht */,
				DF1B093E1A6A1A740037DA95 /* SchtTests */,
				DF6730E31A6C0FEA008D1C2C /* DailySchacts */,
			);
		};
/* End PBXProject section */

/* Begin PBXResourcesBuildPhase section */
		DF1B09241A6A1A740037DA95 /* Resources */ = {
			isa = PBXResourcesBuildPhase;
			buildActionMask = 2147483647;
			files = (
				DFBA8F791A6B4E7E00AB3B25 /* ShitBarIcon 72ppi.png in Resources */,
				DFB02D5F1A6A5A4B00E7AE1B /* dollar103 (1).png in Resources */,
				DFBA8F7F1A6B535A00AB3B25 /* Reset Buttonpng.png in Resources */,
				DFB02D5E1A6A5A4B00E7AE1B /* calendar169.png in Resources */,
				DFBA8F7D1A6B521D00AB3B25 /* FacebookButtonpng.png in Resources */,
				DFB02D611A6A5A4B00E7AE1B /* user60.png in Resources */,
				DFBA8F681A6B0EE100AB3B25 /* DarkTurdIcon.png in Resources */,
				DFBA8F771A6B4E4800AB3B25 /* ShitBarIcon.png in Resources */,
				DF1B09351A6A1A740037DA95 /* Main.storyboard in Resources */,
				DF1B093A1A6A1A740037DA95 /* LaunchScreen.xib in Resources */,
				DFBA8F691A6B0EE100AB3B25 /* MainTurdIcon.png in Resources */,
				DFBA8F6F1A6B348C00AB3B25 /* FBUserSettingsViewResources.bundle in Resources */,
				DFBA8F9B1A6B6FB800AB3B25 /* CameraIconpng.png in Resources */,
				DF1B09371A6A1A740037DA95 /* Images.xcassets in Resources */,
				DFBA8FB71A6BB03800AB3B25 /* ShitInfoWindow.xib in Resources */,
				DFBA8F831A6B543800AB3B25 /* arrow.png in Resources */,
				DFB02D601A6A5A4B00E7AE1B /* poo2.png in Resources */,
				DFBA8F741A6B4B2700AB3B25 /* SplashScreen.png in Resources */,
				DFBA8FB51A6BAFFB00AB3B25 /* InfoWindowPng.png in Resources */,
				DFB02D7F1A6A5D4100E7AE1B /* GoogleMaps.bundle in Resources */,
				DFBA8F7B1A6B503300AB3B25 /* SchtButton.png in Resources */,
			);
			runOnlyForDeploymentPostprocessing = 0;
		};
		DF1B093D1A6A1A740037DA95 /* Resources */ = {
			isa = PBXResourcesBuildPhase;
			buildActionMask = 2147483647;
			files = (
			);
			runOnlyForDeploymentPostprocessing = 0;
		};
		DF6730E21A6C0FEA008D1C2C /* Resources */ = {
			isa = PBXResourcesBuildPhase;
			buildActionMask = 2147483647;
			files = (
				DF6730EF1A6C0FEA008D1C2C /* MainInterface.storyboard in Resources */,
			);
			runOnlyForDeploymentPostprocessing = 0;
		};
/* End PBXResourcesBuildPhase section */

/* Begin PBXSourcesBuildPhase section */
		DF1B09221A6A1A740037DA95 /* Sources */ = {
			isa = PBXSourcesBuildPhase;
			buildActionMask = 2147483647;
			files = (
				DF1B092F1A6A1A740037DA95 /* AppDelegate.m in Sources */,
				DFBA8FB31A6BA89500AB3B25 /* ShitInfoWindow.m in Sources */,
				DFB02D4E1A6A403D00E7AE1B /* README.md in Sources */,
				DFB02D8B1A6A626A00E7AE1B /* HistoryTableViewController.m in Sources */,
				DF1B092C1A6A1A740037DA95 /* main.m in Sources */,
				DFBA8FBA1A6BB55800AB3B25 /* ShitMarker.m in Sources */,
				DFB02D821A6A60DA00E7AE1B /* MapViewController.m in Sources */,
			);
			runOnlyForDeploymentPostprocessing = 0;
		};
		DF1B093B1A6A1A740037DA95 /* Sources */ = {
			isa = PBXSourcesBuildPhase;
			buildActionMask = 2147483647;
			files = (
				DF1B09461A6A1A740037DA95 /* SchtTests.m in Sources */,
			);
			runOnlyForDeploymentPostprocessing = 0;
		};
		DF6730E01A6C0FEA008D1C2C /* Sources */ = {
			isa = PBXSourcesBuildPhase;
			buildActionMask = 2147483647;
			files = (
				DF6730ED1A6C0FEA008D1C2C /* TodayViewController.m in Sources */,
			);
			runOnlyForDeploymentPostprocessing = 0;
		};
/* End PBXSourcesBuildPhase section */

/* Begin PBXTargetDependency section */
		DF1B09411A6A1A740037DA95 /* PBXTargetDependency */ = {
			isa = PBXTargetDependency;
			target = DF1B09251A6A1A740037DA95 /* Scht */;
			targetProxy = DF1B09401A6A1A740037DA95 /* PBXContainerItemProxy */;
		};
		DF6730F11A6C0FEA008D1C2C /* PBXTargetDependency */ = {
			isa = PBXTargetDependency;
			target = DF6730E31A6C0FEA008D1C2C /* DailySchacts */;
			targetProxy = DF6730F01A6C0FEA008D1C2C /* PBXContainerItemProxy */;
		};
/* End PBXTargetDependency section */

/* Begin PBXVariantGroup section */
		DF1B09331A6A1A740037DA95 /* Main.storyboard */ = {
			isa = PBXVariantGroup;
			children = (
				DF1B09341A6A1A740037DA95 /* Base */,
			);
			name = Main.storyboard;
			sourceTree = "<group>";
		};
		DF1B09381A6A1A740037DA95 /* LaunchScreen.xib */ = {
			isa = PBXVariantGroup;
			children = (
				DF1B09391A6A1A740037DA95 /* Base */,
			);
			name = LaunchScreen.xib;
			sourceTree = "<group>";
		};
/* End PBXVariantGroup section */

/* Begin XCBuildConfiguration section */
		DF1B09471A6A1A740037DA95 /* Debug */ = {
			isa = XCBuildConfiguration;
			buildSettings = {
				ALWAYS_SEARCH_USER_PATHS = NO;
				CLANG_CXX_LANGUAGE_STANDARD = "gnu++0x";
				CLANG_CXX_LIBRARY = "libc++";
				CLANG_ENABLE_MODULES = YES;
				CLANG_ENABLE_OBJC_ARC = YES;
				CLANG_WARN_BOOL_CONVERSION = YES;
				CLANG_WARN_CONSTANT_CONVERSION = YES;
				CLANG_WARN_DIRECT_OBJC_ISA_USAGE = YES_ERROR;
				CLANG_WARN_EMPTY_BODY = YES;
				CLANG_WARN_ENUM_CONVERSION = YES;
				CLANG_WARN_INT_CONVERSION = YES;
				CLANG_WARN_OBJC_ROOT_CLASS = YES_ERROR;
				CLANG_WARN_UNREACHABLE_CODE = YES;
				CLANG_WARN__DUPLICATE_METHOD_MATCH = YES;
				"CODE_SIGN_IDENTITY[sdk=iphoneos*]" = "iPhone Developer";
				COPY_PHASE_STRIP = NO;
				ENABLE_STRICT_OBJC_MSGSEND = YES;
				GCC_C_LANGUAGE_STANDARD = gnu99;
				GCC_DYNAMIC_NO_PIC = NO;
				GCC_OPTIMIZATION_LEVEL = 0;
				GCC_PREPROCESSOR_DEFINITIONS = (
					"DEBUG=1",
					"$(inherited)",
				);
				GCC_SYMBOLS_PRIVATE_EXTERN = NO;
				GCC_WARN_64_TO_32_BIT_CONVERSION = YES;
				GCC_WARN_ABOUT_RETURN_TYPE = YES_ERROR;
				GCC_WARN_UNDECLARED_SELECTOR = YES;
				GCC_WARN_UNINITIALIZED_AUTOS = YES_AGGRESSIVE;
				GCC_WARN_UNUSED_FUNCTION = YES;
				GCC_WARN_UNUSED_VARIABLE = YES;
				IPHONEOS_DEPLOYMENT_TARGET = 8.0;
				MTL_ENABLE_DEBUG_INFO = YES;
				ONLY_ACTIVE_ARCH = YES;
				OTHER_LDFLAGS = (
					"-ObjC",
					"-lsqlite3.0",
				);
				SDKROOT = iphoneos;
				TARGETED_DEVICE_FAMILY = "1,2";
			};
			name = Debug;
		};
		DF1B09481A6A1A740037DA95 /* Release */ = {
			isa = XCBuildConfiguration;
			buildSettings = {
				ALWAYS_SEARCH_USER_PATHS = NO;
				CLANG_CXX_LANGUAGE_STANDARD = "gnu++0x";
				CLANG_CXX_LIBRARY = "libc++";
				CLANG_ENABLE_MODULES = YES;
				CLANG_ENABLE_OBJC_ARC = YES;
				CLANG_WARN_BOOL_CONVERSION = YES;
				CLANG_WARN_CONSTANT_CONVERSION = YES;
				CLANG_WARN_DIRECT_OBJC_ISA_USAGE = YES_ERROR;
				CLANG_WARN_EMPTY_BODY = YES;
				CLANG_WARN_ENUM_CONVERSION = YES;
				CLANG_WARN_INT_CONVERSION = YES;
				CLANG_WARN_OBJC_ROOT_CLASS = YES_ERROR;
				CLANG_WARN_UNREACHABLE_CODE = YES;
				CLANG_WARN__DUPLICATE_METHOD_MATCH = YES;
				"CODE_SIGN_IDENTITY[sdk=iphoneos*]" = "iPhone Developer";
				COPY_PHASE_STRIP = YES;
				ENABLE_NS_ASSERTIONS = NO;
				ENABLE_STRICT_OBJC_MSGSEND = YES;
				GCC_C_LANGUAGE_STANDARD = gnu99;
				GCC_WARN_64_TO_32_BIT_CONVERSION = YES;
				GCC_WARN_ABOUT_RETURN_TYPE = YES_ERROR;
				GCC_WARN_UNDECLARED_SELECTOR = YES;
				GCC_WARN_UNINITIALIZED_AUTOS = YES_AGGRESSIVE;
				GCC_WARN_UNUSED_FUNCTION = YES;
				GCC_WARN_UNUSED_VARIABLE = YES;
				IPHONEOS_DEPLOYMENT_TARGET = 8.0;
				MTL_ENABLE_DEBUG_INFO = NO;
				OTHER_LDFLAGS = (
					"-ObjC",
					"-lsqlite3.0",
				);
				SDKROOT = iphoneos;
				TARGETED_DEVICE_FAMILY = "1,2";
				VALIDATE_PRODUCT = YES;
			};
			name = Release;
		};
		DF1B094A1A6A1A740037DA95 /* Debug */ = {
			isa = XCBuildConfiguration;
			buildSettings = {
				ASSETCATALOG_COMPILER_APPICON_NAME = AppIcon;
				CODE_SIGN_IDENTITY = "iPhone Developer";
				"CODE_SIGN_IDENTITY[sdk=iphoneos*]" = "iPhone Developer";
				FRAMEWORK_SEARCH_PATHS = (
					"$(inherited)",
					"$(PROJECT_DIR)",
					/Users/bigwangsmash/Documents/FacebookSDK,
				);
				INFOPLIST_FILE = Scht/Info.plist;
				IPHONEOS_DEPLOYMENT_TARGET = 8.0;
				LD_RUNPATH_SEARCH_PATHS = "$(inherited) @executable_path/Frameworks";
				PRODUCT_NAME = "$(TARGET_NAME)";
				TARGETED_DEVICE_FAMILY = "1,2";
			};
			name = Debug;
		};
		DF1B094B1A6A1A740037DA95 /* Release */ = {
			isa = XCBuildConfiguration;
			buildSettings = {
				ASSETCATALOG_COMPILER_APPICON_NAME = AppIcon;
				CODE_SIGN_IDENTITY = "iPhone Developer";
				"CODE_SIGN_IDENTITY[sdk=iphoneos*]" = "iPhone Developer";
				FRAMEWORK_SEARCH_PATHS = (
					"$(inherited)",
					"$(PROJECT_DIR)",
					/Users/bigwangsmash/Documents/FacebookSDK,
				);
				INFOPLIST_FILE = Scht/Info.plist;
				IPHONEOS_DEPLOYMENT_TARGET = 8.0;
				LD_RUNPATH_SEARCH_PATHS = "$(inherited) @executable_path/Frameworks";
				PRODUCT_NAME = "$(TARGET_NAME)";
				TARGETED_DEVICE_FAMILY = "1,2";
			};
			name = Release;
		};
		DF1B094D1A6A1A740037DA95 /* Debug */ = {
			isa = XCBuildConfiguration;
			buildSettings = {
				BUNDLE_LOADER = "$(TEST_HOST)";
				FRAMEWORK_SEARCH_PATHS = (
					"$(SDKROOT)/Developer/Library/Frameworks",
					"$(inherited)",
				);
				GCC_PREPROCESSOR_DEFINITIONS = (
					"DEBUG=1",
					"$(inherited)",
				);
				INFOPLIST_FILE = SchtTests/Info.plist;
				LD_RUNPATH_SEARCH_PATHS = "$(inherited) @executable_path/Frameworks @loader_path/Frameworks";
				PRODUCT_NAME = "$(TARGET_NAME)";
				TEST_HOST = "$(BUILT_PRODUCTS_DIR)/Scht.app/Scht";
			};
			name = Debug;
		};
		DF1B094E1A6A1A740037DA95 /* Release */ = {
			isa = XCBuildConfiguration;
			buildSettings = {
				BUNDLE_LOADER = "$(TEST_HOST)";
				FRAMEWORK_SEARCH_PATHS = (
					"$(SDKROOT)/Developer/Library/Frameworks",
					"$(inherited)",
				);
				INFOPLIST_FILE = SchtTests/Info.plist;
				LD_RUNPATH_SEARCH_PATHS = "$(inherited) @executable_path/Frameworks @loader_path/Frameworks";
				PRODUCT_NAME = "$(TARGET_NAME)";
				TEST_HOST = "$(BUILT_PRODUCTS_DIR)/Scht.app/Scht";
			};
			name = Release;
		};
		DF6730F31A6C0FEB008D1C2C /* Debug */ = {
			isa = XCBuildConfiguration;
			buildSettings = {
				CODE_SIGN_IDENTITY = "iPhone Developer";
				"CODE_SIGN_IDENTITY[sdk=iphoneos*]" = "iPhone Developer";
				GCC_PREPROCESSOR_DEFINITIONS = (
					"DEBUG=1",
					"$(inherited)",
				);
				INFOPLIST_FILE = DailySchacts/Info.plist;
				IPHONEOS_DEPLOYMENT_TARGET = 8.1;
				LD_RUNPATH_SEARCH_PATHS = "$(inherited) @executable_path/Frameworks @executable_path/../../Frameworks";
				PRODUCT_NAME = "$(TARGET_NAME)";
				SKIP_INSTALL = YES;
			};
			name = Debug;
		};
		DF6730F41A6C0FEB008D1C2C /* Release */ = {
			isa = XCBuildConfiguration;
			buildSettings = {
				CODE_SIGN_IDENTITY = "iPhone Developer";
				"CODE_SIGN_IDENTITY[sdk=iphoneos*]" = "iPhone Developer";
				INFOPLIST_FILE = DailySchacts/Info.plist;
				IPHONEOS_DEPLOYMENT_TARGET = 8.1;
				LD_RUNPATH_SEARCH_PATHS = "$(inherited) @executable_path/Frameworks @executable_path/../../Frameworks";
				PRODUCT_NAME = "$(TARGET_NAME)";
				SKIP_INSTALL = YES;
			};
			name = Release;
		};
/* End XCBuildConfiguration section */

/* Begin XCConfigurationList section */
		DF1B09211A6A1A740037DA95 /* Build configuration list for PBXProject "Scht" */ = {
			isa = XCConfigurationList;
			buildConfigurations = (
				DF1B09471A6A1A740037DA95 /* Debug */,
				DF1B09481A6A1A740037DA95 /* Release */,
			);
			defaultConfigurationIsVisible = 0;
			defaultConfigurationName = Release;
		};
		DF1B09491A6A1A740037DA95 /* Build configuration list for PBXNativeTarget "Scht" */ = {
			isa = XCConfigurationList;
			buildConfigurations = (
				DF1B094A1A6A1A740037DA95 /* Debug */,
				DF1B094B1A6A1A740037DA95 /* Release */,
			);
			defaultConfigurationIsVisible = 0;
			defaultConfigurationName = Release;
		};
		DF1B094C1A6A1A740037DA95 /* Build configuration list for PBXNativeTarget "SchtTests" */ = {
			isa = XCConfigurationList;
			buildConfigurations = (
				DF1B094D1A6A1A740037DA95 /* Debug */,
				DF1B094E1A6A1A740037DA95 /* Release */,
			);
			defaultConfigurationIsVisible = 0;
			defaultConfigurationName = Release;
		};
		DF6730F51A6C0FEB008D1C2C /* Build configuration list for PBXNativeTarget "DailySchacts" */ = {
			isa = XCConfigurationList;
			buildConfigurations = (
				DF6730F31A6C0FEB008D1C2C /* Debug */,
				DF6730F41A6C0FEB008D1C2C /* Release */,
			);
			defaultConfigurationIsVisible = 0;
		};
/* End XCConfigurationList section */
	};
	rootObject = DF1B091E1A6A1A740037DA95 /* Project object */;
}
